
Microsoft Visual Studio Solution File, Format Version 12.00
# Visual Studio 15
VisualStudioVersion = 15.0.27428.2037
MinimumVisualStudioVersion = 10.0.40219.1
Project("{FAE04EC0-301F-11D3-BF4B-00C04F79EFBC}") = "ZDWindowsFormsTest", "ZDWindowsFormsTest.csproj", "{19E6392A-32F9-4395-9F52-C84120EE0D0E}"
EndProject
Global
	GlobalSection(SolutionConfigurationPlatforms) = preSolution
		Debug|Any CPU = Debug|Any CPU
		Release|Any CPU = Release|Any CPU
	EndGlobalSection
	GlobalSection(ProjectConfigurationPlatforms) = postSolution
		{19E6392A-32F9-4395-9F52-C84120EE0D0E}.Debug|Any CPU.ActiveCfg = Debug|Any CPU
		{19E6392A-32F9-4395-9F52-C84120EE0D0E}.Debug|Any CPU.Build.0 = Debug|Any CPU
		{19E6392A-32F9-4395-9F52-C84120EE0D0E}.Release|Any CPU.ActiveCfg = Release|Any CPU
		{19E6392A-32F9-4395-9F52-C84120EE0D0E}.Release|Any CPU.Build.0 = Release|Any CPU
	EndGlobalSection
	GlobalSection(SolutionProperties) = preSolution
		HideSolutionNode = FALSE
	EndGlobalSection
	GlobalSection(ExtensibilityGlobals) = postSolution
		SolutionGuid = {9F89A922-7D12-45BD-8BDC-28C4F2BC3CA1}
	EndGlobalSection
EndGlobal
